Microsoft Visual Studio Solution File, Format Version 12.00
# Visual Studio Version 17
VisualStudioVersion = 17.5.2.0
MinimumVisualStudioVersion = 10.0.40219.1
Project("{FAE04EC0-301F-11D3-BF4B-00C04F79EFBC}") = "Traceability.Tracker.Worker", "Traceability.Tracker.Worker.csproj", "{2E1A2E3E-AC4C-8077-03CC-DFB4517D2B3A}"
EndProject
Global
	GlobalSection(SolutionConfigurationPlatforms) = preSolution
		Debug|Any CPU = Debug|Any CPU
		Release|Any CPU = Release|Any CPU
	EndGlobalSection
	GlobalSection(ProjectConfigurationPlatforms) = postSolution
		{2E1A2E3E-AC4C-8077-03CC-DFB4517D2B3A}.Debug|Any CPU.ActiveCfg = Debug|Any CPU
		{2E1A2E3E-AC4C-8077-03CC-DFB4517D2B3A}.Debug|Any CPU.Build.0 = Debug|Any CPU
		{2E1A2E3E-AC4C-8077-03CC-DFB4517D2B3A}.Release|Any CPU.ActiveCfg = Release|Any CPU
		{2E1A2E3E-AC4C-8077-03CC-DFB4517D2B3A}.Release|Any CPU.Build.0 = Release|Any CPU
	EndGlobalSection
	GlobalSection(SolutionProperties) = preSolution
		HideSolutionNode = FALSE
	EndGlobalSection
	GlobalSection(ExtensibilityGlobals) = postSolution
		SolutionGuid = {F696C1C8-6798-465F-B618-1B21B6EF3483}
	EndGlobalSection
EndGlobal
